
Microsoft Visual Studio Solution File, Format Version 12.00
# Visual Studio 14
VisualStudioVersion = 14.0.25123.0
MinimumVisualStudioVersion = 10.0.40219.1
Project("{FAE04EC0-301F-11D3-BF4B-00C04F79EFBC}") = "DNNConnect.Droid", "DNNConnect\DNNConnect.Droid\DNNConnect.Droid.csproj", "{F75981BC-D8CE-411B-BB68-B64A82C48A57}"
EndProject
Project("{FAE04EC0-301F-11D3-BF4B-00C04F79EFBC}") = "DNNConnect.iOS", "DNNConnect\DNNConnect.iOS\DNNConnect.iOS.csproj", "{3CF0634A-BD24-4B33-B40A-F4EF0C1C974C}"
EndProject
Project("{FAE04EC0-301F-11D3-BF4B-00C04F79EFBC}") = "DNNConnect.WinPhone", "DNNConnect\DNNConnect.WinPhone\DNNConnect.WinPhone.csproj", "{153E86BD-3B46-4D6C-BD78-E3A45E9C275F}"
EndProject
Project("{FAE04EC0-301F-11D3-BF4B-00C04F79EFBC}") = "DNNConnect.Windows", "DNNConnect\DNNConnect.Windows\DNNConnect.Windows.csproj", "{840CE215-7819-423A-9555-B20953D8C91B}"
EndProject
Project("{FAE04EC0-301F-11D3-BF4B-00C04F79EFBC}") = "DNNConnect", "DNNConnect\DNNConnect\DNNConnect.csproj", "{000554D7-FF90-4F34-A462-E2B9CD991114}"
EndProject
Global
	GlobalSection(SolutionConfigurationPlatforms) = preSolution
		Ad-Hoc|Any CPU = Ad-Hoc|Any CPU
		Ad-Hoc|ARM = Ad-Hoc|ARM
		Ad-Hoc|iPhone = Ad-Hoc|iPhone
		Ad-Hoc|iPhoneSimulator = Ad-Hoc|iPhoneSimulator
		Ad-Hoc|x64 = Ad-Hoc|x64
		Ad-Hoc|x86 = Ad-Hoc|x86
		AppStore|Any CPU = AppStore|Any CPU
		AppStore|ARM = AppStore|ARM
		AppStore|iPhone = AppStore|iPhone
		AppStore|iPhoneSimulator = AppStore|iPhoneSimulator
		AppStore|x64 = AppStore|x64
		AppStore|x86 = AppStore|x86
		Debug|Any CPU = Debug|Any CPU
		Debug|ARM = Debug|ARM
		Debug|iPhone = Debug|iPhone
		Debug|iPhoneSimulator = Debug|iPhoneSimulator
		Debug|x64 = Debug|x64
		Debug|x86 = Debug|x86
		Release|Any CPU = Release|Any CPU
		Release|ARM = Release|ARM
		Release|iPhone = Release|iPhone
		Release|iPhoneSimulator = Release|iPhoneSimulator
		Release|x64 = Release|x64
		Release|x86 = Release|x86
	EndGlobalSection
	GlobalSection(ProjectConfigurationPlatforms) = postSolution
		{F75981BC-D8CE-411B-BB68-B64A82C48A57}.Ad-Hoc|Any CPU.ActiveCfg = Release|Any CPU
		{F75981BC-D8CE-411B-BB68-B64A82C48A57}.Ad-Hoc|Any CPU.Build.0 = Release|Any CPU
		{F75981BC-D8CE-411B-BB68-B64A82C48A57}.Ad-Hoc|Any CPU.Deploy.0 = Release|Any CPU
		{F75981BC-D8CE-411B-BB68-B64A82C48A57}.Ad-Hoc|ARM.ActiveCfg = Release|Any CPU
		{F75981BC-D8CE-411B-BB68-B64A82C48A57}.Ad-Hoc|ARM.Build.0 = Release|Any CPU
		{F75981BC-D8CE-411B-BB68-B64A82C48A57}.Ad-Hoc|ARM.Deploy.0 = Release|Any CPU
		{F75981BC-D8CE-411B-BB68-B64A82C48A57}.Ad-Hoc|iPhone.ActiveCfg = Release|Any CPU
		{F75981BC-D8CE-411B-BB68-B64A82C48A57}.Ad-Hoc|iPhone.Build.0 = Release|Any CPU
		{F75981BC-D8CE-411B-BB68-B64A82C48A57}.Ad-Hoc|iPhone.Deploy.0 = Release|Any CPU
		{F75981BC-D8CE-411B-BB68-B64A82C48A57}.Ad-Hoc|iPhoneSimulator.ActiveCfg = Release|Any CPU
		{F75981BC-D8CE-411B-BB68-B64A82C48A57}.Ad-Hoc|iPhoneSimulator.Build.0 = Release|Any CPU
		{F75981BC-D8CE-411B-BB68-B64A82C48A57}.Ad-Hoc|iPhoneSimulator.Deploy.0 = Release|Any CPU
		{F75981BC-D8CE-411B-BB68-B64A82C48A57}.Ad-Hoc|x64.ActiveCfg = Release|Any CPU
		{F75981BC-D8CE-411B-BB68-B64A82C48A57}.Ad-Hoc|x64.Build.0 = Release|Any CPU
		{F75981BC-D8CE-411B-BB68-B64A82C48A57}.Ad-Hoc|x64.Deploy.0 = Release|Any CPU
		{F75981BC-D8CE-411B-BB68-B64A82C48A57}.Ad-Hoc|x86.ActiveCfg = Release|Any CPU
		{F75981BC-D8CE-411B-BB68-B64A82C48A57}.Ad-Hoc|x86.Build.0 = Release|Any CPU
		{F75981BC-D8CE-411B-BB68-B64A82C48A57}.Ad-Hoc|x86.Deploy.0 = Release|Any CPU
		{F75981BC-D8CE-411B-BB68-B64A82C48A57}.AppStore|Any CPU.ActiveCfg = Release|Any CPU
		{F75981BC-D8CE-411B-BB68-B64A82C48A57}.AppStore|Any CPU.Build.0 = Release|Any CPU
		{F75981BC-D8CE-411B-BB68-B64A82C48A57}.AppStore|Any CPU.Deploy.0 = Release|Any CPU
		{F75981BC-D8CE-411B-BB68-B64A82C48A57}.AppStore|ARM.ActiveCfg = Release|Any CPU
		{F75981BC-D8CE-411B-BB68-B64A82C48A57}.AppStore|ARM.Build.0 = Release|Any CPU
		{F75981BC-D8CE-411B-BB68-B64A82C48A57}.AppStore|ARM.Deploy.0 = Release|Any CPU
		{F75981BC-D8CE-411B-BB68-B64A82C48A57}.AppStore|iPhone.ActiveCfg = Release|Any CPU
		{F75981BC-D8CE-411B-BB68-B64A82C48A57}.AppStore|iPhone.Build.0 = Release|Any CPU
		{F75981BC-D8CE-411B-BB68-B64A82C48A57}.AppStore|iPhone.Deploy.0 = Release|Any CPU
		{F75981BC-D8CE-411B-BB68-B64A82C48A57}.AppStore|iPhoneSimulator.ActiveCfg = Release|Any CPU
		{F75981BC-D8CE-411B-BB68-B64A82C48A57}.AppStore|iPhoneSimulator.Build.0 = Release|Any CPU
		{F75981BC-D8CE-411B-BB68-B64A82C48A57}.AppStore|iPhoneSimulator.Deploy.0 = Release|Any CPU
		{F75981BC-D8CE-411B-BB68-B64A82C48A57}.AppStore|x64.ActiveCfg = Release|Any CPU
		{F75981BC-D8CE-411B-BB68-B64A82C48A57}.AppStore|x64.Build.0 = Release|Any CPU
		{F75981BC-D8CE-411B-BB68-B64A82C48A57}.AppStore|x64.Deploy.0 = Release|Any CPU
		{F75981BC-D8CE-411B-BB68-B64A82C48A57}.AppStore|x86.ActiveCfg = Release|Any CPU
		{F75981BC-D8CE-411B-BB68-B64A82C48A57}.AppStore|x86.Build.0 = Release|Any CPU
		{F75981BC-D8CE-411B-BB68-B64A82C48A57}.AppStore|x86.Deploy.0 = Release|Any CPU
		{F75981BC-D8CE-411B-BB68-B64A82C48A57}.Debug|Any CPU.ActiveCfg = Debug|Any CPU
		{F75981BC-D8CE-411B-BB68-B64A82C48A57}.Debug|Any CPU.Build.0 = Debug|Any CPU
		{F75981BC-D8CE-411B-BB68-B64A82C48A57}.Debug|Any CPU.Deploy.0 = Debug|Any CPU
		{F75981BC-D8CE-411B-BB68-B64A82C48A57}.Debug|ARM.ActiveCfg = Debug|Any CPU
		{F75981BC-D8CE-411B-BB68-B64A82C48A57}.Debug|ARM.Build.0 = Debug|Any CPU
		{F75981BC-D8CE-411B-BB68-B64A82C48A57}.Debug|ARM.Deploy.0 = Debug|Any CPU
		{F75981BC-D8CE-411B-BB68-B64A82C48A57}.Debug|iPhone.ActiveCfg = Debug|Any CPU
		{F75981BC-D8CE-411B-BB68-B64A82C48A57}.Debug|iPhone.Build.0 = Debug|Any CPU
		{F75981BC-D8CE-411B-BB68-B64A82C48A57}.Debug|iPhone.Deploy.0 = Debug|Any CPU
		{F75981BC-D8CE-411B-BB68-B64A82C48A57}.Debug|iPhoneSimulator.ActiveCfg = Debug|Any CPU
		{F75981BC-D8CE-411B-BB68-B64A82C48A57}.Debug|iPhoneSimulator.Build.0 = Debug|Any CPU
		{F75981BC-D8CE-411B-BB68-B64A82C48A57}.Debug|iPhoneSimulator.Deploy.0 = Debug|Any CPU
		{F75981BC-D8CE-411B-BB68-B64A82C48A57}.Debug|x64.ActiveCfg = Debug|Any CPU
		{F75981BC-D8CE-411B-BB68-B64A82C48A57}.Debug|x64.Build.0 = Debug|Any CPU
		{F75981BC-D8CE-411B-BB68-B64A82C48A57}.Debug|x64.Deploy.0 = Debug|Any CPU
		{F75981BC-D8CE-411B-BB68-B64A82C48A57}.Debug|x86.ActiveCfg = Debug|Any CPU
		{F75981BC-D8CE-411B-BB68-B64A82C48A57}.Debug|x86.Build.0 = Debug|Any CPU
		{F75981BC-D8CE-411B-BB68-B64A82C48A57}.Debug|x86.Deploy.0 = Debug|Any CPU
		{F75981BC-D8CE-411B-BB68-B64A82C48A57}.Release|Any CPU.ActiveCfg = Release|Any CPU
		{F75981BC-D8CE-411B-BB68-B64A82C48A57}.Release|Any CPU.Build.0 = Release|Any CPU
		{F75981BC-D8CE-411B-BB68-B64A82C48A57}.Release|Any CPU.Deploy.0 = Release|Any CPU
		{F75981BC-D8CE-411B-BB68-B64A82C48A57}.Release|ARM.ActiveCfg = Release|Any CPU
		{F75981BC-D8CE-411B-BB68-B64A82C48A57}.Release|ARM.Build.0 = Release|Any CPU
		{F75981BC-D8CE-411B-BB68-B64A82C48A57}.Release|ARM.Deploy.0 = Release|Any CPU
		{F75981BC-D8CE-411B-BB68-B64A82C48A57}.Release|iPhone.ActiveCfg = Release|Any CPU
		{F75981BC-D8CE-411B-BB68-B64A82C48A57}.Release|iPhone.Build.0 = Release|Any CPU
		{F75981BC-D8CE-411B-BB68-B64A82C48A57}.Release|iPhone.Deploy.0 = Release|Any CPU
		{F75981BC-D8CE-411B-BB68-B64A82C48A57}.Release|iPhoneSimulator.ActiveCfg = Release|Any CPU
		{F75981BC-D8CE-411B-BB68-B64A82C48A57}.Release|iPhoneSimulator.Build.0 = Release|Any CPU
		{F75981BC-D8CE-411B-BB68-B64A82C48A57}.Release|iPhoneSimulator.Deploy.0 = Release|Any CPU
		{F75981BC-D8CE-411B-BB68-B64A82C48A57}.Release|x64.ActiveCfg = Release|Any CPU
		{F75981BC-D8CE-411B-BB68-B64A82C48A57}.Release|x64.Build.0 = Release|Any CPU
		{F75981BC-D8CE-411B-BB68-B64A82C48A57}.Release|x64.Deploy.0 = Release|Any CPU
		{F75981BC-D8CE-411B-BB68-B64A82C48A57}.Release|x86.ActiveCfg = Release|Any CPU
		{F75981BC-D8CE-411B-BB68-B64A82C48A57}.Release|x86.Build.0 = Release|Any CPU
		{F75981BC-D8CE-411B-BB68-B64A82C48A57}.Release|x86.Deploy.0 = Release|Any CPU
		{3CF0634A-BD24-4B33-B40A-F4EF0C1C974C}.Ad-Hoc|Any CPU.ActiveCfg = Ad-Hoc|iPhone
		{3CF0634A-BD24-4B33-B40A-F4EF0C1C974C}.Ad-Hoc|ARM.ActiveCfg = Ad-Hoc|iPhone
		{3CF0634A-BD24-4B33-B40A-F4EF0C1C974C}.Ad-Hoc|iPhone.ActiveCfg = Ad-Hoc|iPhone
		{3CF0634A-BD24-4B33-B40A-F4EF0C1C974C}.Ad-Hoc|iPhone.Build.0 = Ad-Hoc|iPhone
		{3CF0634A-BD24-4B33-B40A-F4EF0C1C974C}.Ad-Hoc|iPhoneSimulator.ActiveCfg = Ad-Hoc|iPhoneSimulator
		{3CF0634A-BD24-4B33-B40A-F4EF0C1C974C}.Ad-Hoc|iPhoneSimulator.Build.0 = Ad-Hoc|iPhoneSimulator
		{3CF0634A-BD24-4B33-B40A-F4EF0C1C974C}.Ad-Hoc|x64.ActiveCfg = Ad-Hoc|iPhone
		{3CF0634A-BD24-4B33-B40A-F4EF0C1C974C}.Ad-Hoc|x86.ActiveCfg = Ad-Hoc|iPhone
		{3CF0634A-BD24-4B33-B40A-F4EF0C1C974C}.AppStore|Any CPU.ActiveCfg = AppStore|iPhone
		{3CF0634A-BD24-4B33-B40A-F4EF0C1C974C}.AppStore|ARM.ActiveCfg = AppStore|iPhone
		{3CF0634A-BD24-4B33-B40A-F4EF0C1C974C}.AppStore|iPhone.ActiveCfg = AppStore|iPhone
		{3CF0634A-BD24-4B33-B40A-F4EF0C1C974C}.AppStore|iPhone.Build.0 = AppStore|iPhone
		{3CF0634A-BD24-4B33-B40A-F4EF0C1C974C}.AppStore|iPhoneSimulator.ActiveCfg = AppStore|iPhoneSimulator
		{3CF0634A-BD24-4B33-B40A-F4EF0C1C974C}.AppStore|iPhoneSimulator.Build.0 = AppStore|iPhoneSimulator
		{3CF0634A-BD24-4B33-B40A-F4EF0C1C974C}.AppStore|x64.ActiveCfg = AppStore|iPhone
		{3CF0634A-BD24-4B33-B40A-F4EF0C1C974C}.AppStore|x86.ActiveCfg = AppStore|iPhone
		{3CF0634A-BD24-4B33-B40A-F4EF0C1C974C}.Debug|Any CPU.ActiveCfg = Debug|iPhone
		{3CF0634A-BD24-4B33-B40A-F4EF0C1C974C}.Debug|ARM.ActiveCfg = Debug|iPhone
		{3CF0634A-BD24-4B33-B40A-F4EF0C1C974C}.Debug|iPhone.ActiveCfg = Debug|iPhone
		{3CF0634A-BD24-4B33-B40A-F4EF0C1C974C}.Debug|iPhone.Build.0 = Debug|iPhone
		{3CF0634A-BD24-4B33-B40A-F4EF0C1C974C}.Debug|iPhoneSimulator.ActiveCfg = Debug|iPhoneSimulator
		{3CF0634A-BD24-4B33-B40A-F4EF0C1C974C}.Debug|iPhoneSimulator.Build.0 = Debug|iPhoneSimulator
		{3CF0634A-BD24-4B33-B40A-F4EF0C1C974C}.Debug|x64.ActiveCfg = Debug|iPhone
		{3CF0634A-BD24-4B33-B40A-F4EF0C1C974C}.Debug|x86.ActiveCfg = Debug|iPhone
		{3CF0634A-BD24-4B33-B40A-F4EF0C1C974C}.Release|Any CPU.ActiveCfg = Release|iPhone
		{3CF0634A-BD24-4B33-B40A-F4EF0C1C974C}.Release|ARM.ActiveCfg = Release|iPhone
		{3CF0634A-BD24-4B33-B40A-F4EF0C1C974C}.Release|iPhone.ActiveCfg = Release|iPhone
		{3CF0634A-BD24-4B33-B40A-F4EF0C1C974C}.Release|iPhone.Build.0 = Release|iPhone
		{3CF0634A-BD24-4B33-B40A-F4EF0C1C974C}.Release|iPhoneSimulator.ActiveCfg = Release|iPhoneSimulator
		{3CF0634A-BD24-4B33-B40A-F4EF0C1C974C}.Release|iPhoneSimulator.Build.0 = Release|iPhoneSimulator
		{3CF0634A-BD24-4B33-B40A-F4EF0C1C974C}.Release|x64.ActiveCfg = Release|iPhone
		{3CF0634A-BD24-4B33-B40A-F4EF0C1C974C}.Release|x86.ActiveCfg = Release|iPhone
		{153E86BD-3B46-4D6C-BD78-E3A45E9C275F}.Ad-Hoc|Any CPU.ActiveCfg = Release|Any CPU
		{153E86BD-3B46-4D6C-BD78-E3A45E9C275F}.Ad-Hoc|Any CPU.Build.0 = Release|Any CPU
		{153E86BD-3B46-4D6C-BD78-E3A45E9C275F}.Ad-Hoc|Any CPU.Deploy.0 = Release|Any CPU
		{153E86BD-3B46-4D6C-BD78-E3A45E9C275F}.Ad-Hoc|ARM.ActiveCfg = Release|ARM
		{153E86BD-3B46-4D6C-BD78-E3A45E9C275F}.Ad-Hoc|ARM.Build.0 = Release|ARM
		{153E86BD-3B46-4D6C-BD78-E3A45E9C275F}.Ad-Hoc|ARM.Deploy.0 = Release|ARM
		{153E86BD-3B46-4D6C-BD78-E3A45E9C275F}.Ad-Hoc|iPhone.ActiveCfg = Release|Any CPU
		{153E86BD-3B46-4D6C-BD78-E3A45E9C275F}.Ad-Hoc|iPhone.Build.0 = Release|Any CPU
		{153E86BD-3B46-4D6C-BD78-E3A45E9C275F}.Ad-Hoc|iPhone.Deploy.0 = Release|Any CPU
		{153E86BD-3B46-4D6C-BD78-E3A45E9C275F}.Ad-Hoc|iPhoneSimulator.ActiveCfg = Release|Any CPU
		{153E86BD-3B46-4D6C-BD78-E3A45E9C275F}.Ad-Hoc|iPhoneSimulator.Build.0 = Release|Any CPU
		{153E86BD-3B46-4D6C-BD78-E3A45E9C275F}.Ad-Hoc|iPhoneSimulator.Deploy.0 = Release|Any CPU
		{153E86BD-3B46-4D6C-BD78-E3A45E9C275F}.Ad-Hoc|x64.ActiveCfg = Release|Any CPU
		{153E86BD-3B46-4D6C-BD78-E3A45E9C275F}.Ad-Hoc|x64.Build.0 = Release|Any CPU
		{153E86BD-3B46-4D6C-BD78-E3A45E9C275F}.Ad-Hoc|x64.Deploy.0 = Release|Any CPU
		{153E86BD-3B46-4D6C-BD78-E3A45E9C275F}.Ad-Hoc|x86.ActiveCfg = Release|x86
		{153E86BD-3B46-4D6C-BD78-E3A45E9C275F}.Ad-Hoc|x86.Build.0 = Release|x86
		{153E86BD-3B46-4D6C-BD78-E3A45E9C275F}.Ad-Hoc|x86.Deploy.0 = Release|x86
		{153E86BD-3B46-4D6C-BD78-E3A45E9C275F}.AppStore|Any CPU.ActiveCfg = Release|Any CPU
		{153E86BD-3B46-4D6C-BD78-E3A45E9C275F}.AppStore|Any CPU.Build.0 = Release|Any CPU
		{153E86BD-3B46-4D6C-BD78-E3A45E9C275F}.AppStore|Any CPU.Deploy.0 = Release|Any CPU
		{153E86BD-3B46-4D6C-BD78-E3A45E9C275F}.AppStore|ARM.ActiveCfg = Release|ARM
		{153E86BD-3B46-4D6C-BD78-E3A45E9C275F}.AppStore|ARM.Build.0 = Release|ARM
		{153E86BD-3B46-4D6C-BD78-E3A45E9C275F}.AppStore|ARM.Deploy.0 = Release|ARM
		{153E86BD-3B46-4D6C-BD78-E3A45E9C275F}.AppStore|iPhone.ActiveCfg = Release|Any CPU
		{153E86BD-3B46-4D6C-BD78-E3A45E9C275F}.AppStore|iPhone.Build.0 = Release|Any CPU
		{153E86BD-3B46-4D6C-BD78-E3A45E9C275F}.AppStore|iPhone.Deploy.0 = Release|Any CPU
		{153E86BD-3B46-4D6C-BD78-E3A45E9C275F}.AppStore|iPhoneSimulator.ActiveCfg = Release|Any CPU
		{153E86BD-3B46-4D6C-BD78-E3A45E9C275F}.AppStore|iPhoneSimulator.Build.0 = Release|Any CPU
		{153E86BD-3B46-4D6C-BD78-E3A45E9C275F}.AppStore|iPhoneSimulator.Deploy.0 = Release|Any CPU
		{153E86BD-3B46-4D6C-BD78-E3A45E9C275F}.AppStore|x64.ActiveCfg = Release|Any CPU
		{153E86BD-3B46-4D6C-BD78-E3A45E9C275F}.AppStore|x64.Build.0 = Release|Any CPU
		{153E86BD-3B46-4D6C-BD78-E3A45E9C275F}.AppStore|x64.Deploy.0 = Release|Any CPU
		{153E86BD-3B46-4D6C-BD78-E3A45E9C275F}.AppStore|x86.ActiveCfg = Release|x86
		{153E86BD-3B46-4D6C-BD78-E3A45E9C275F}.AppStore|x86.Build.0 = Release|x86
		{153E86BD-3B46-4D6C-BD78-E3A45E9C275F}.AppStore|x86.Deploy.0 = Release|x86
		{153E86BD-3B46-4D6C-BD78-E3A45E9C275F}.Debug|Any CPU.ActiveCfg = Debug|Any CPU
		{153E86BD-3B46-4D6C-BD78-E3A45E9C275F}.Debug|Any CPU.Build.0 = Debug|Any CPU
		{153E86BD-3B46-4D6C-BD78-E3A45E9C275F}.Debug|Any CPU.Deploy.0 = Debug|Any CPU
		{153E86BD-3B46-4D6C-BD78-E3A45E9C275F}.Debug|ARM.ActiveCfg = Debug|ARM
		{153E86BD-3B46-4D6C-BD78-E3A45E9C275F}.Debug|ARM.Build.0 = Debug|ARM
		{153E86BD-3B46-4D6C-BD78-E3A45E9C275F}.Debug|ARM.Deploy.0 = Debug|ARM
		{153E86BD-3B46-4D6C-BD78-E3A45E9C275F}.Debug|iPhone.ActiveCfg = Debug|Any CPU
		{153E86BD-3B46-4D6C-BD78-E3A45E9C275F}.Debug|iPhone.Build.0 = Debug|Any CPU
		{153E86BD-3B46-4D6C-BD78-E3A45E9C275F}.Debug|iPhone.Deploy.0 = Debug|Any CPU
		{153E86BD-3B46-4D6C-BD78-E3A45E9C275F}.Debug|iPhoneSimulator.ActiveCfg = Debug|Any CPU
		{153E86BD-3B46-4D6C-BD78-E3A45E9C275F}.Debug|iPhoneSimulator.Build.0 = Debug|Any CPU
		{153E86BD-3B46-4D6C-BD78-E3A45E9C275F}.Debug|iPhoneSimulator.Deploy.0 = Debug|Any CPU
		{153E86BD-3B46-4D6C-BD78-E3A45E9C275F}.Debug|x64.ActiveCfg = Debug|Any CPU
		{153E86BD-3B46-4D6C-BD78-E3A45E9C275F}.Debug|x64.Build.0 = Debug|Any CPU
		{153E86BD-3B46-4D6C-BD78-E3A45E9C275F}.Debug|x64.Deploy.0 = Debug|Any CPU
		{153E86BD-3B46-4D6C-BD78-E3A45E9C275F}.Debug|x86.ActiveCfg = Debug|x86
		{153E86BD-3B46-4D6C-BD78-E3A45E9C275F}.Debug|x86.Build.0 = Debug|x86
		{153E86BD-3B46-4D6C-BD78-E3A45E9C275F}.Debug|x86.Deploy.0 = Debug|x86
		{153E86BD-3B46-4D6C-BD78-E3A45E9C275F}.Release|Any CPU.ActiveCfg = Release|Any CPU
		{153E86BD-3B46-4D6C-BD78-E3A45E9C275F}.Release|Any CPU.Build.0 = Release|Any CPU
		{153E86BD-3B46-4D6C-BD78-E3A45E9C275F}.Release|Any CPU.Deploy.0 = Release|Any CPU
		{153E86BD-3B46-4D6C-BD78-E3A45E9C275F}.Release|ARM.ActiveCfg = Release|ARM
		{153E86BD-3B46-4D6C-BD78-E3A45E9C275F}.Release|ARM.Build.0 = Release|ARM
		{153E86BD-3B46-4D6C-BD78-E3A45E9C275F}.Release|ARM.Deploy.0 = Release|ARM
		{153E86BD-3B46-4D6C-BD78-E3A45E9C275F}.Release|iPhone.ActiveCfg = Release|Any CPU
		{153E86BD-3B46-4D6C-BD78-E3A45E9C275F}.Release|iPhone.Build.0 = Release|Any CPU
		{153E86BD-3B46-4D6C-BD78-E3A45E9C275F}.Release|iPhone.Deploy.0 = Release|Any CPU
		{153E86BD-3B46-4D6C-BD78-E3A45E9C275F}.Release|iPhoneSimulator.ActiveCfg = Release|Any CPU
		{153E86BD-3B46-4D6C-BD78-E3A45E9C275F}.Release|iPhoneSimulator.Build.0 = Release|Any CPU
		{153E86BD-3B46-4D6C-BD78-E3A45E9C275F}.Release|iPhoneSimulator.Deploy.0 = Release|Any CPU
		{153E86BD-3B46-4D6C-BD78-E3A45E9C275F}.Release|x64.ActiveCfg = Release|Any CPU
		{153E86BD-3B46-4D6C-BD78-E3A45E9C275F}.Release|x64.Build.0 = Release|Any CPU
		{153E86BD-3B46-4D6C-BD78-E3A45E9C275F}.Release|x64.Deploy.0 = Release|Any CPU
		{153E86BD-3B46-4D6C-BD78-E3A45E9C275F}.Release|x86.ActiveCfg = Release|x86
		{153E86BD-3B46-4D6C-BD78-E3A45E9C275F}.Release|x86.Build.0 = Release|x86
		{153E86BD-3B46-4D6C-BD78-E3A45E9C275F}.Release|x86.Deploy.0 = Release|x86
		{840CE215-7819-423A-9555-B20953D8C91B}.Ad-Hoc|Any CPU.ActiveCfg = Release|Any CPU
		{840CE215-7819-423A-9555-B20953D8C91B}.Ad-Hoc|Any CPU.Build.0 = Release|Any CPU
		{840CE215-7819-423A-9555-B20953D8C91B}.Ad-Hoc|Any CPU.Deploy.0 = Release|Any CPU
		{840CE215-7819-423A-9555-B20953D8C91B}.Ad-Hoc|ARM.ActiveCfg = Release|ARM
		{840CE215-7819-423A-9555-B20953D8C91B}.Ad-Hoc|ARM.Build.0 = Release|ARM
		{840CE215-7819-423A-9555-B20953D8C91B}.Ad-Hoc|ARM.Deploy.0 = Release|ARM
		{840CE215-7819-423A-9555-B20953D8C91B}.Ad-Hoc|iPhone.ActiveCfg = Release|Any CPU
		{840CE215-7819-423A-9555-B20953D8C91B}.Ad-Hoc|iPhone.Build.0 = Release|Any CPU
		{840CE215-7819-423A-9555-B20953D8C91B}.Ad-Hoc|iPhone.Deploy.0 = Release|Any CPU
		{840CE215-7819-423A-9555-B20953D8C91B}.Ad-Hoc|iPhoneSimulator.ActiveCfg = Release|Any CPU
		{840CE215-7819-423A-9555-B20953D8C91B}.Ad-Hoc|iPhoneSimulator.Build.0 = Release|Any CPU
		{840CE215-7819-423A-9555-B20953D8C91B}.Ad-Hoc|iPhoneSimulator.Deploy.0 = Release|Any CPU
		{840CE215-7819-423A-9555-B20953D8C91B}.Ad-Hoc|x64.ActiveCfg = Release|x64
		{840CE215-7819-423A-9555-B20953D8C91B}.Ad-Hoc|x64.Build.0 = Release|x64
		{840CE215-7819-423A-9555-B20953D8C91B}.Ad-Hoc|x64.Deploy.0 = Release|x64
		{840CE215-7819-423A-9555-B20953D8C91B}.Ad-Hoc|x86.ActiveCfg = Release|x86
		{840CE215-7819-423A-9555-B20953D8C91B}.Ad-Hoc|x86.Build.0 = Release|x86
		{840CE215-7819-423A-9555-B20953D8C91B}.Ad-Hoc|x86.Deploy.0 = Release|x86
		{840CE215-7819-423A-9555-B20953D8C91B}.AppStore|Any CPU.ActiveCfg = Release|Any CPU
		{840CE215-7819-423A-9555-B20953D8C91B}.AppStore|Any CPU.Build.0 = Release|Any CPU
		{840CE215-7819-423A-9555-B20953D8C91B}.AppStore|Any CPU.Deploy.0 = Release|Any CPU
		{840CE215-7819-423A-9555-B20953D8C91B}.AppStore|ARM.ActiveCfg = Release|ARM
		{840CE215-7819-423A-9555-B20953D8C91B}.AppStore|ARM.Build.0 = Release|ARM
		{840CE215-7819-423A-9555-B20953D8C91B}.AppStore|ARM.Deploy.0 = Release|ARM
		{840CE215-7819-423A-9555-B20953D8C91B}.AppStore|iPhone.ActiveCfg = Release|Any CPU
		{840CE215-7819-423A-9555-B20953D8C91B}.AppStore|iPhone.Build.0 = Release|Any CPU
		{840CE215-7819-423A-9555-B20953D8C91B}.AppStore|iPhone.Deploy.0 = Release|Any CPU
		{840CE215-7819-423A-9555-B20953D8C91B}.AppStore|iPhoneSimulator.ActiveCfg = Release|Any CPU
		{840CE215-7819-423A-9555-B20953D8C91B}.AppStore|iPhoneSimulator.Build.0 = Release|Any CPU
		{840CE215-7819-423A-9555-B20953D8C91B}.AppStore|iPhoneSimulator.Deploy.0 = Release|Any CPU
		{840CE215-7819-423A-9555-B20953D8C91B}.AppStore|x64.ActiveCfg = Release|x64
		{840CE215-7819-423A-9555-B20953D8C91B}.AppStore|x64.Build.0 = Release|x64
		{840CE215-7819-423A-9555-B20953D8C91B}.AppStore|x64.Deploy.0 = Release|x64
		{840CE215-7819-423A-9555-B20953D8C91B}.AppStore|x86.ActiveCfg = Release|x86
		{840CE215-7819-423A-9555-B20953D8C91B}.AppStore|x86.Build.0 = Release|x86
		{840CE215-7819-423A-9555-B20953D8C91B}.AppStore|x86.Deploy.0 = Release|x86
		{840CE215-7819-423A-9555-B20953D8C91B}.Debug|Any CPU.ActiveCfg = Debug|Any CPU
		{840CE215-7819-423A-9555-B20953D8C91B}.Debug|Any CPU.Build.0 = Debug|Any CPU
		{840CE215-7819-423A-9555-B20953D8C91B}.Debug|Any CPU.Deploy.0 = Debug|Any CPU
		{840CE215-7819-423A-9555-B20953D8C91B}.Debug|ARM.ActiveCfg = Debug|ARM
		{840CE215-7819-423A-9555-B20953D8C91B}.Debug|ARM.Build.0 = Debug|ARM
		{840CE215-7819-423A-9555-B20953D8C91B}.Debug|ARM.Deploy.0 = Debug|ARM
		{840CE215-7819-423A-9555-B20953D8C91B}.Debug|iPhone.ActiveCfg = Debug|Any CPU
		{840CE215-7819-423A-9555-B20953D8C91B}.Debug|iPhone.Build.0 = Debug|Any CPU
		{840CE215-7819-423A-9555-B20953D8C91B}.Debug|iPhone.Deploy.0 = Debug|Any CPU
		{840CE215-7819-423A-9555-B20953D8C91B}.Debug|iPhoneSimulator.ActiveCfg = Debug|Any CPU
		{840CE215-7819-423A-9555-B20953D8C91B}.Debug|iPhoneSimulator.Build.0 = Debug|Any CPU
		{840CE215-7819-423A-9555-B20953D8C91B}.Debug|iPhoneSimulator.Deploy.0 = Debug|Any CPU
		{840CE215-7819-423A-9555-B20953D8C91B}.Debug|x64.ActiveCfg = Debug|x64
		{840CE215-7819-423A-9555-B20953D8C91B}.Debug|x64.Build.0 = Debug|x64
		{840CE215-7819-423A-9555-B20953D8C91B}.Debug|x64.Deploy.0 = Debug|x64
		{840CE215-7819-423A-9555-B20953D8C91B}.Debug|x86.ActiveCfg = Debug|x86
		{840CE215-7819-423A-9555-B20953D8C91B}.Debug|x86.Build.0 = Debug|x86
		{840CE215-7819-423A-9555-B20953D8C91B}.Debug|x86.Deploy.0 = Debug|x86
		{840CE215-7819-423A-9555-B20953D8C91B}.Release|Any CPU.ActiveCfg = Release|Any CPU
		{840CE215-7819-423A-9555-B20953D8C91B}.Release|Any CPU.Build.0 = Release|Any CPU
		{840CE215-7819-423A-9555-B20953D8C91B}.Release|Any CPU.Deploy.0 = Release|Any CPU
		{840CE215-7819-423A-9555-B20953D8C91B}.Release|ARM.ActiveCfg = Release|ARM
		{840CE215-7819-423A-9555-B20953D8C91B}.Release|ARM.Build.0 = Release|ARM
		{840CE215-7819-423A-9555-B20953D8C91B}.Release|ARM.Deploy.0 = Release|ARM
		{840CE215-7819-423A-9555-B20953D8C91B}.Release|iPhone.ActiveCfg = Release|Any CPU
		{840CE215-7819-423A-9555-B20953D8C91B}.Release|iPhone.Build.0 = Release|Any CPU
		{840CE215-7819-423A-9555-B20953D8C91B}.Release|iPhone.Deploy.0 = Release|Any CPU
		{840CE215-7819-423A-9555-B20953D8C91B}.Release|iPhoneSimulator.ActiveCfg = Release|Any CPU
		{840CE215-7819-423A-9555-B20953D8C91B}.Release|iPhoneSimulator.Build.0 = Release|Any CPU
		{840CE215-7819-423A-9555-B20953D8C91B}.Release|iPhoneSimulator.Deploy.0 = Release|Any CPU
		{840CE215-7819-423A-9555-B20953D8C91B}.Release|x64.ActiveCfg = Release|x64
		{840CE215-7819-423A-9555-B20953D8C91B}.Release|x64.Build.0 = Release|x64
		{840CE215-7819-423A-9555-B20953D8C91B}.Release|x64.Deploy.0 = Release|x64
		{840CE215-7819-423A-9555-B20953D8C91B}.Release|x86.ActiveCfg = Release|x86
		{840CE215-7819-423A-9555-B20953D8C91B}.Release|x86.Build.0 = Release|x86
		{840CE215-7819-423A-9555-B20953D8C91B}.Release|x86.Deploy.0 = Release|x86
		{000554D7-FF90-4F34-A462-E2B9CD991114}.Ad-Hoc|Any CPU.ActiveCfg = Release|Any CPU
		{000554D7-FF90-4F34-A462-E2B9CD991114}.Ad-Hoc|Any CPU.Build.0 = Release|Any CPU
		{000554D7-FF90-4F34-A462-E2B9CD991114}.Ad-Hoc|ARM.ActiveCfg = Release|Any CPU
		{000554D7-FF90-4F34-A462-E2B9CD991114}.Ad-Hoc|ARM.Build.0 = Release|Any CPU
		{000554D7-FF90-4F34-A462-E2B9CD991114}.Ad-Hoc|iPhone.ActiveCfg = Release|Any CPU
		{000554D7-FF90-4F34-A462-E2B9CD991114}.Ad-Hoc|iPhone.Build.0 = Release|Any CPU
		{000554D7-FF90-4F34-A462-E2B9CD991114}.Ad-Hoc|iPhoneSimulator.ActiveCfg = Release|Any CPU
		{000554D7-FF90-4F34-A462-E2B9CD991114}.Ad-Hoc|iPhoneSimulator.Build.0 = Release|Any CPU
		{000554D7-FF90-4F34-A462-E2B9CD991114}.Ad-Hoc|x64.ActiveCfg = Release|Any CPU
		{000554D7-FF90-4F34-A462-E2B9CD991114}.Ad-Hoc|x64.Build.0 = Release|Any CPU
		{000554D7-FF90-4F34-A462-E2B9CD991114}.Ad-Hoc|x86.ActiveCfg = Release|Any CPU
		{000554D7-FF90-4F34-A462-E2B9CD991114}.Ad-Hoc|x86.Build.0 = Release|Any CPU
		{000554D7-FF90-4F34-A462-E2B9CD991114}.AppStore|Any CPU.ActiveCfg = Release|Any CPU
		{000554D7-FF90-4F34-A462-E2B9CD991114}.AppStore|Any CPU.Build.0 = Release|Any CPU
		{000554D7-FF90-4F34-A462-E2B9CD991114}.AppStore|ARM.ActiveCfg = Release|Any CPU
		{000554D7-FF90-4F34-A462-E2B9CD991114}.AppStore|ARM.Build.0 = Release|Any CPU
		{000554D7-FF90-4F34-A462-E2B9CD991114}.AppStore|iPhone.ActiveCfg = Release|Any CPU
		{000554D7-FF90-4F34-A462-E2B9CD991114}.AppStore|iPhone.Build.0 = Release|Any CPU
		{000554D7-FF90-4F34-A462-E2B9CD991114}.AppStore|iPhoneSimulator.ActiveCfg = Release|Any CPU
		{000554D7-FF90-4F34-A462-E2B9CD991114}.AppStore|iPhoneSimulator.Build.0 = Release|Any CPU
		{000554D7-FF90-4F34-A462-E2B9CD991114}.AppStore|x64.ActiveCfg = Release|Any CPU
		{000554D7-FF90-4F34-A462-E2B9CD991114}.AppStore|x64.Build.0 = Release|Any CPU
		{000554D7-FF90-4F34-A462-E2B9CD991114}.AppStore|x86.ActiveCfg = Release|Any CPU
		{000554D7-FF90-4F34-A462-E2B9CD991114}.AppStore|x86.Build.0 = Release|Any CPU
		{000554D7-FF90-4F34-A462-E2B9CD991114}.Debug|Any CPU.ActiveCfg = Debug|Any CPU
		{000554D7-FF90-4F34-A462-E2B9CD991114}.Debug|Any CPU.Build.0 = Debug|Any CPU
		{000554D7-FF90-4F34-A462-E2B9CD991114}.Debug|ARM.ActiveCfg = Debug|Any CPU
		{000554D7-FF90-4F34-A462-E2B9CD991114}.Debug|ARM.Build.0 = Debug|Any CPU
		{000554D7-FF90-4F34-A462-E2B9CD991114}.Debug|iPhone.ActiveCfg = Debug|Any CPU
		{000554D7-FF90-4F34-A462-E2B9CD991114}.Debug|iPhone.Build.0 = Debug|Any CPU
		{000554D7-FF90-4F34-A462-E2B9CD991114}.Debug|iPhoneSimulator.ActiveCfg = Debug|Any CPU
		{000554D7-FF90-4F34-A462-E2B9CD991114}.Debug|iPhoneSimulator.Build.0 = Debug|Any CPU
		{000554D7-FF90-4F34-A462-E2B9CD991114}.Debug|x64.ActiveCfg = Debug|Any CPU
		{000554D7-FF90-4F34-A462-E2B9CD991114}.Debug|x64.Build.0 = Debug|Any CPU
		{000554D7-FF90-4F34-A462-E2B9CD991114}.Debug|x86.ActiveCfg = Debug|Any CPU
		{000554D7-FF90-4F34-A462-E2B9CD991114}.Debug|x86.Build.0 = Debug|Any CPU
		{000554D7-FF90-4F34-A462-E2B9CD991114}.Release|Any CPU.ActiveCfg = Release|Any CPU
		{000554D7-FF90-4F34-A462-E2B9CD991114}.Release|Any CPU.Build.0 = Release|Any CPU
		{000554D7-FF90-4F34-A462-E2B9CD991114}.Release|ARM.ActiveCfg = Release|Any CPU
		{000554D7-FF90-4F34-A462-E2B9CD991114}.Release|ARM.Build.0 = Release|Any CPU
		{000554D7-FF90-4F34-A462-E2B9CD991114}.Release|iPhone.ActiveCfg = Release|Any CPU
		{000554D7-FF90-4F34-A462-E2B9CD991114}.Release|iPhone.Build.0 = Release|Any CPU
		{000554D7-FF90-4F34-A462-E2B9CD991114}.Release|iPhoneSimulator.ActiveCfg = Release|Any CPU
		{000554D7-FF90-4F34-A462-E2B9CD991114}.Release|iPhoneSimulator.Build.0 = Release|Any CPU
		{000554D7-FF90-4F34-A462-E2B9CD991114}.Release|x64.ActiveCfg = Release|Any CPU
		{000554D7-FF90-4F34-A462-E2B9CD991114}.Release|x64.Build.0 = Release|Any CPU
		{000554D7-FF90-4F34-A462-E2B9CD991114}.Release|x86.ActiveCfg = Release|Any CPU
		{000554D7-FF90-4F34-A462-E2B9CD991114}.Release|x86.Build.0 = Release|Any CPU
	EndGlobalSection
	GlobalSection(SolutionProperties) = preSolution
		HideSolutionNode = FALSE
	EndGlobalSection
EndGlobal
